
Microsoft Visual Studio Solution File, Format Version 12.00
# Visual Studio Version 17
VisualStudioVersion = 17.11.35222.181
MinimumVisualStudioVersion = 10.0.40219.1
Project("{FAE04EC0-301F-11D3-BF4B-00C04F79EFBC}") = "unttestscalc", "unttestscalc\unttestscalc.csproj", "{EF3F0391-996F-4C04-9ECB-0A7ACEFE1F83}"
EndProject
Project("{FAE04EC0-301F-11D3-BF4B-00C04F79EFBC}") = "calcTest", "calcTest\calcTest.csproj", "{BBD5B63E-D434-43BE-AE04-683A87962D39}"
EndProject
Global
	GlobalSection(SolutionConfigurationPlatforms) = preSolution
		Debug|Any CPU = Debug|Any CPU
		Release|Any CPU = Release|Any CPU
	EndGlobalSection
	GlobalSection(ProjectConfigurationPlatforms) = postSolution
		{EF3F0391-996F-4C04-9ECB-0A7ACEFE1F83}.Debug|Any CPU.ActiveCfg = Debug|Any CPU
		{EF3F0391-996F-4C04-9ECB-0A7ACEFE1F83}.Debug|Any CPU.Build.0 = Debug|Any CPU
		{EF3F0391-996F-4C04-9ECB-0A7ACEFE1F83}.Release|Any CPU.ActiveCfg = Release|Any CPU
		{EF3F0391-996F-4C04-9ECB-0A7ACEFE1F83}.Release|Any CPU.Build.0 = Release|Any CPU
		{BBD5B63E-D434-43BE-AE04-683A87962D39}.Debug|Any CPU.ActiveCfg = Debug|Any CPU
		{BBD5B63E-D434-43BE-AE04-683A87962D39}.Debug|Any CPU.Build.0 = Debug|Any CPU
		{BBD5B63E-D434-43BE-AE04-683A87962D39}.Release|Any CPU.ActiveCfg = Release|Any CPU
		{BBD5B63E-D434-43BE-AE04-683A87962D39}.Release|Any CPU.Build.0 = Release|Any CPU
	EndGlobalSection
	GlobalSection(SolutionProperties) = preSolution
		HideSolutionNode = FALSE
	EndGlobalSection
	GlobalSection(ExtensibilityGlobals) = postSolution
		SolutionGuid = {03127D6D-698C-441A-8655-9374B71BDE1A}
	EndGlobalSection
EndGlobal
